{
  "name": "tally-extract",
  "version": "1.10.2",
  "lockfileVersion": 3,
  "requires": true,
  "packages": {
    "": {
      "name": "tally-extract",
      "version": "1.10.2",
      "license": "MIT",
      "dependencies": {
        "tally-spec": "^1.2.3"
      },
      "devDependencies": {
        "create-intellisense": "^1.2.3"
      }
    },
    "node_modules/create-intellisense": {
      "version": "1.2.3",
      "resolved": "https://registry.npmjs.org/create-intellisense/-/create-intellisense-1.2.3.tgz",
      "integrity": "sha512-msTjpfFyjdF82BsWxjTlhT1bhE9vAJnkYtszsS7czoRWMFN/b8CMD9R885CspO2dYip8bkYpBFsClp9w2R56ZQ==",
      "dev": true,
      "license": "MIT",
      "bin": {
        "create-intellisense": "bin/create-intellisense.js"
      },
      "engines": {
        "node": ">=20.10"
      }
    },
    "node_modules/tally-spec": {
      "version": "1.2.3",
      "resolved": "https://registry.npmjs.org/tally-spec/-/tally-spec-1.2.3.tgz",
      "integrity": "sha512-UEwrQWPJPGLBMoBlipcxpAkcGXfsxdRKIToyF203biVs8Z0qcgbm5+rCFP1pfbVE8EZeam64odcLK8z/969tig==",
      "license": "MIT",
      "engines": {
        "node": ">=20.10"
      }
    }
  }
}
